
Microsoft Visual Studio Solution File, Format Version 12.00
# Visual Studio Version 17
VisualStudioVersion = 17.5.002.0
MinimumVisualStudioVersion = 10.0.40219.1
Project("{9A19103F-16F7-4668-BE54-9A1E7A4F7556}") = "csharp_sdk", "csharp_sdk.csproj", "{779A2E35-0F36-475F-AADE-FD2319628F6F}"
EndProject
Global
	GlobalSection(SolutionConfigurationPlatforms) = preSolution
		Debug|Any CPU = Debug|Any CPU
		Release|Any CPU = Release|Any CPU
	EndGlobalSection
	GlobalSection(ProjectConfigurationPlatforms) = postSolution
		{779A2E35-0F36-475F-AADE-FD2319628F6F}.Debug|Any CPU.ActiveCfg = Debug|Any CPU
		{779A2E35-0F36-475F-AADE-FD2319628F6F}.Debug|Any CPU.Build.0 = Debug|Any CPU
		{779A2E35-0F36-475F-AADE-FD2319628F6F}.Release|Any CPU.ActiveCfg = Release|Any CPU
		{779A2E35-0F36-475F-AADE-FD2319628F6F}.Release|Any CPU.Build.0 = Release|Any CPU
	EndGlobalSection
	GlobalSection(SolutionProperties) = preSolution
		HideSolutionNode = FALSE
	EndGlobalSection
	GlobalSection(ExtensibilityGlobals) = postSolution
		SolutionGuid = {3248E320-9A65-4188-9012-15AA00AED842}
	EndGlobalSection
EndGlobal
