// !$*UTF8*$!
{
	archiveVersion = 1;
	classes = {
	};
	objectVersion = 56;
	objects = {

/* Begin PBXBuildFile section */
		E66A142E2C07337300177D33 /* InateckScannerBleKit.framework in Frameworks */ = {isa = PBXBuildFile; fileRef = E66A142D2C07337300177D33 /* InateckScannerBleKit.framework */; };
		E6BD23A72BFAF2F600B825AC /* AppDelegate.swift in Sources */ = {isa = PBXBuildFile; fileRef = E6BD23A62BFAF2F600B825AC /* AppDelegate.swift */; };
		E6BD23A92BFAF2F600B825AC /* SceneDelegate.swift in Sources */ = {isa = PBXBuildFile; fileRef = E6BD23A82BFAF2F600B825AC /* SceneDelegate.swift */; };
		E6BD23AB2BFAF2F600B825AC /* ViewController.swift in Sources */ = {isa = PBXBuildFile; fileRef = E6BD23AA2BFAF2F600B825AC /* ViewController.swift */; };
		E6BD23AE2BFAF2F600B825AC /* Base in Resources */ = {isa = PBXBuildFile; fileRef = E6BD23AD2BFAF2F600B825AC /* Base */; };
		E6BD23B02BFAF2F800B825AC /* Assets.xcassets in Resources */ = {isa = PBXBuildFile; fileRef = E6BD23AF2BFAF2F800B825AC /* Assets.xcassets */; };
		E6BD23B32BFAF2F800B825AC /* Base in Resources */ = {isa = PBXBuildFile; fileRef = E6BD23B22BFAF2F800B825AC /* Base */; };
		E6BD24312BFB4B3600B825AC /* BleTableViewCell.swift in Sources */ = {isa = PBXBuildFile; fileRef = E6BD242F2BFB4B3600B825AC /* BleTableViewCell.swift */; };
		E6BD24322BFB4B3600B825AC /* BleTableViewCell.xib in Resources */ = {isa = PBXBuildFile; fileRef = E6BD24302BFB4B3600B825AC /* BleTableViewCell.xib */; };
		E6BD24352BFB5AE400B825AC /* BleViewController.swift in Sources */ = {isa = PBXBuildFile; fileRef = E6BD24332BFB5AE400B825AC /* BleViewController.swift */; };
		E6BD24362BFB5AE400B825AC /* BleViewController.xib in Resources */ = {isa = PBXBuildFile; fileRef = E6BD24342BFB5AE400B825AC /* BleViewController.xib */; };
/* End PBXBuildFile section */

/* Begin PBXFileReference section */
		E66A142D2C07337300177D33 /* InateckScannerBleKit.framework */ = {isa = PBXFileReference; lastKnownFileType = wrapper.framework; path = InateckScannerBleKit.framework; sourceTree = "<group>"; };
		E6BD23A32BFAF2F600B825AC /* SDKDemo.app */ = {isa = PBXFileReference; explicitFileType = wrapper.application; includeInIndex = 0; path = SDKDemo.app; sourceTree = BUILT_PRODUCTS_DIR; };
		E6BD23A62BFAF2F600B825AC /* AppDelegate.swift */ = {isa = PBXFileReference; lastKnownFileType = sourcecode.swift; path = AppDelegate.swift; sourceTree = "<group>"; };
		E6BD23A82BFAF2F600B825AC /* SceneDelegate.swift */ = {isa = PBXFileReference; lastKnownFileType = sourcecode.swift; path = SceneDelegate.swift; sourceTree = "<group>"; };
		E6BD23AA2BFAF2F600B825AC /* ViewController.swift */ = {isa = PBXFileReference; lastKnownFileType = sourcecode.swift; path = ViewController.swift; sourceTree = "<group>"; };
		E6BD23AD2BFAF2F600B825AC /* Base */ = {isa = PBXFileReference; lastKnownFileType = file.storyboard; name = Base; path = Base.lproj/Main.storyboard; sourceTree = "<group>"; };
		E6BD23AF2BFAF2F800B825AC /* Assets.xcassets */ = {isa = PBXFileReference; lastKnownFileType = folder.assetcatalog; path = Assets.xcassets; sourceTree = "<group>"; };
		E6BD23B22BFAF2F800B825AC /* Base */ = {isa = PBXFileReference; lastKnownFileType = file.storyboard; name = Base; path = Base.lproj/LaunchScreen.storyboard; sourceTree = "<group>"; };
		E6BD23B42BFAF2F800B825AC /* Info.plist */ = {isa = PBXFileReference; lastKnownFileType = text.plist.xml; path = Info.plist; sourceTree = "<group>"; };
		E6BD242F2BFB4B3600B825AC /* BleTableViewCell.swift */ = {isa = PBXFileReference; lastKnownFileType = sourcecode.swift; path = BleTableViewCell.swift; sourceTree = "<group>"; };
		E6BD24302BFB4B3600B825AC /* BleTableViewCell.xib */ = {isa = PBXFileReference; lastKnownFileType = file.xib; path = BleTableViewCell.xib; sourceTree = "<group>"; };
		E6BD24332BFB5AE400B825AC /* BleViewController.swift */ = {isa = PBXFileReference; lastKnownFileType = sourcecode.swift; path = BleViewController.swift; sourceTree = "<group>"; };
		E6BD24342BFB5AE400B825AC /* BleViewController.xib */ = {isa = PBXFileReference; lastKnownFileType = file.xib; path = BleViewController.xib; sourceTree = "<group>"; };
/* End PBXFileReference section */

/* Begin PBXFrameworksBuildPhase section */
		E6BD23A02BFAF2F600B825AC /* Frameworks */ = {
			isa = PBXFrameworksBuildPhase;
			buildActionMask = 2147483647;
			files = (
				E66A142E2C07337300177D33 /* InateckScannerBleKit.framework in Frameworks */,
			);
			runOnlyForDeploymentPostprocessing = 0;
		};
/* End PBXFrameworksBuildPhase section */

/* Begin PBXGroup section */
		E6BD239A2BFAF2F600B825AC = {
			isa = PBXGroup;
			children = (
				E6BD23A52BFAF2F600B825AC /* SDKDemo */,
				E6BD23A42BFAF2F600B825AC /* Products */,
			);
			sourceTree = "<group>";
		};
		E6BD23A42BFAF2F600B825AC /* Products */ = {
			isa = PBXGroup;
			children = (
				E6BD23A32BFAF2F600B825AC /* SDKDemo.app */,
			);
			name = Products;
			sourceTree = "<group>";
		};
		E6BD23A52BFAF2F600B825AC /* SDKDemo */ = {
			isa = PBXGroup;
			children = (
				E6BD242E2BFB4B0F00B825AC /* View */,
				E6BD23A62BFAF2F600B825AC /* AppDelegate.swift */,
				E66A142D2C07337300177D33 /* InateckScannerBleKit.framework */,
				E6BD23A82BFAF2F600B825AC /* SceneDelegate.swift */,
				E6BD23AA2BFAF2F600B825AC /* ViewController.swift */,
				E6BD24332BFB5AE400B825AC /* BleViewController.swift */,
				E6BD24342BFB5AE400B825AC /* BleViewController.xib */,
				E6BD23AC2BFAF2F600B825AC /* Main.storyboard */,
				E6BD23AF2BFAF2F800B825AC /* Assets.xcassets */,
				E6BD23B12BFAF2F800B825AC /* LaunchScreen.storyboard */,
				E6BD23B42BFAF2F800B825AC /* Info.plist */,
			);
			path = SDKDemo;
			sourceTree = "<group>";
		};
		E6BD242E2BFB4B0F00B825AC /* View */ = {
			isa = PBXGroup;
			children = (
				E6BD242F2BFB4B3600B825AC /* BleTableViewCell.swift */,
				E6BD24302BFB4B3600B825AC /* BleTableViewCell.xib */,
			);
			path = View;
			sourceTree = "<group>";
		};
/* End PBXGroup section */

/* Begin PBXNativeTarget section */
		E6BD23A22BFAF2F600B825AC /* SDKDemo */ = {
			isa = PBXNativeTarget;
			buildConfigurationList = E6BD23B72BFAF2F800B825AC /* Build configuration list for PBXNativeTarget "SDKDemo" */;
			buildPhases = (
				E6BD239F2BFAF2F600B825AC /* Sources */,
				E6BD23A02BFAF2F600B825AC /* Frameworks */,
				E6BD23A12BFAF2F600B825AC /* Resources */,
			);
			buildRules = (
			);
			dependencies = (
			);
			name = SDKDemo;
			productName = SDKDemo;
			productReference = E6BD23A32BFAF2F600B825AC /* SDKDemo.app */;
			productType = "com.apple.product-type.application";
		};
/* End PBXNativeTarget section */

/* Begin PBXProject section */
		E6BD239B2BFAF2F600B825AC /* Project object */ = {
			isa = PBXProject;
			attributes = {
				BuildIndependentTargetsInParallel = 1;
				LastSwiftUpdateCheck = 1530;
				LastUpgradeCheck = 1530;
				TargetAttributes = {
					E6BD23A22BFAF2F600B825AC = {
						CreatedOnToolsVersion = 15.3;
					};
				};
			};
			buildConfigurationList = E6BD239E2BFAF2F600B825AC /* Build configuration list for PBXProject "SDKDemo" */;
			compatibilityVersion = "Xcode 14.0";
			developmentRegion = en;
			hasScannedForEncodings = 0;
			knownRegions = (
				en,
				Base,
			);
			mainGroup = E6BD239A2BFAF2F600B825AC;
			productRefGroup = E6BD23A42BFAF2F600B825AC /* Products */;
			projectDirPath = "";
			projectRoot = "";
			targets = (
				E6BD23A22BFAF2F600B825AC /* SDKDemo */,
			);
		};
/* End PBXProject section */

/* Begin PBXResourcesBuildPhase section */
		E6BD23A12BFAF2F600B825AC /* Resources */ = {
			isa = PBXResourcesBuildPhase;
			buildActionMask = 2147483647;
			files = (
				E6BD23B02BFAF2F800B825AC /* Assets.xcassets in Resources */,
				E6BD23B32BFAF2F800B825AC /* Base in Resources */,
				E6BD23AE2BFAF2F600B825AC /* Base in Resources */,
				E6BD24362BFB5AE400B825AC /* BleViewController.xib in Resources */,
				E6BD24322BFB4B3600B825AC /* BleTableViewCell.xib in Resources */,
			);
			runOnlyForDeploymentPostprocessing = 0;
		};
/* End PBXResourcesBuildPhase section */

/* Begin PBXSourcesBuildPhase section */
		E6BD239F2BFAF2F600B825AC /* Sources */ = {
			isa = PBXSourcesBuildPhase;
			buildActionMask = 2147483647;
			files = (
				E6BD23AB2BFAF2F600B825AC /* ViewController.swift in Sources */,
				E6BD23A72BFAF2F600B825AC /* AppDelegate.swift in Sources */,
				E6BD23A92BFAF2F600B825AC /* SceneDelegate.swift in Sources */,
				E6BD24352BFB5AE400B825AC /* BleViewController.swift in Sources */,
				E6BD24312BFB4B3600B825AC /* BleTableViewCell.swift in Sources */,
			);
			runOnlyForDeploymentPostprocessing = 0;
		};
/* End PBXSourcesBuildPhase section */

/* Begin PBXVariantGroup section */
		E6BD23AC2BFAF2F600B825AC /* Main.storyboard */ = {
			isa = PBXVariantGroup;
			children = (
				E6BD23AD2BFAF2F600B825AC /* Base */,
			);
			name = Main.storyboard;
			sourceTree = "<group>";
		};
		E6BD23B12BFAF2F800B825AC /* LaunchScreen.storyboard */ = {
			isa = PBXVariantGroup;
			children = (
				E6BD23B22BFAF2F800B825AC /* Base */,
			);
			name = LaunchScreen.storyboard;
			sourceTree = "<group>";
		};
/* End PBXVariantGroup section */

/* Begin XCBuildConfiguration section */
		E6BD23B52BFAF2F800B825AC /* Debug */ = {
			isa = XCBuildConfiguration;
			buildSettings = {
				ALWAYS_SEARCH_USER_PATHS = NO;
				ASSETCATALOG_COMPILER_GENERATE_SWIFT_ASSET_SYMBOL_EXTENSIONS = YES;
				CLANG_ANALYZER_NONNULL = YES;
				CLANG_ANALYZER_NUMBER_OBJECT_CONVERSION = YES_AGGRESSIVE;
				CLANG_CXX_LANGUAGE_STANDARD = "gnu++20";
				CLANG_ENABLE_MODULES = YES;
				CLANG_ENABLE_OBJC_ARC = YES;
				CLANG_ENABLE_OBJC_WEAK = YES;
				CLANG_WARN_BLOCK_CAPTURE_AUTORELEASING = YES;
				CLANG_WARN_BOOL_CONVERSION = YES;
				CLANG_WARN_COMMA = YES;
				CLANG_WARN_CONSTANT_CONVERSION = YES;
				CLANG_WARN_DEPRECATED_OBJC_IMPLEMENTATIONS = YES;
				CLANG_WARN_DIRECT_OBJC_ISA_USAGE = YES_ERROR;
				CLANG_WARN_DOCUMENTATION_COMMENTS = YES;
				CLANG_WARN_EMPTY_BODY = YES;
				CLANG_WARN_ENUM_CONVERSION = YES;
				CLANG_WARN_INFINITE_RECURSION = YES;
				CLANG_WARN_INT_CONVERSION = YES;
				CLANG_WARN_NON_LITERAL_NULL_CONVERSION = YES;
				CLANG_WARN_OBJC_IMPLICIT_RETAIN_SELF = YES;
				CLANG_WARN_OBJC_LITERAL_CONVERSION = YES;
				CLANG_WARN_OBJC_ROOT_CLASS = YES_ERROR;
				CLANG_WARN_QUOTED_INCLUDE_IN_FRAMEWORK_HEADER = YES;
				CLANG_WARN_RANGE_LOOP_ANALYSIS = YES;
				CLANG_WARN_STRICT_PROTOTYPES = YES;
				CLANG_WARN_SUSPICIOUS_MOVE = YES;
				CLANG_WARN_UNGUARDED_AVAILABILITY = YES_AGGRESSIVE;
				CLANG_WARN_UNREACHABLE_CODE = YES;
				CLANG_WARN__DUPLICATE_METHOD_MATCH = YES;
				COPY_PHASE_STRIP = NO;
				DEBUG_INFORMATION_FORMAT = dwarf;
				ENABLE_STRICT_OBJC_MSGSEND = YES;
				ENABLE_TESTABILITY = YES;
				ENABLE_USER_SCRIPT_SANDBOXING = YES;
				GCC_C_LANGUAGE_STANDARD = gnu17;
				GCC_DYNAMIC_NO_PIC = NO;
				GCC_NO_COMMON_BLOCKS = YES;
				GCC_OPTIMIZATION_LEVEL = 0;
				GCC_PREPROCESSOR_DEFINITIONS = (
					"DEBUG=1",
					"$(inherited)",
				);
				GCC_WARN_64_TO_32_BIT_CONVERSION = YES;
				GCC_WARN_ABOUT_RETURN_TYPE = YES_ERROR;
				GCC_WARN_UNDECLARED_SELECTOR = YES;
				GCC_WARN_UNINITIALIZED_AUTOS = YES_AGGRESSIVE;
				GCC_WARN_UNUSED_FUNCTION = YES;
				GCC_WARN_UNUSED_VARIABLE = YES;
				IPHONEOS_DEPLOYMENT_TARGET = 17.4;
				LOCALIZATION_PREFERS_STRING_CATALOGS = YES;
				MTL_ENABLE_DEBUG_INFO = INCLUDE_SOURCE;
				MTL_FAST_MATH = YES;
				ONLY_ACTIVE_ARCH = YES;
				SDKROOT = iphoneos;
				SWIFT_ACTIVE_COMPILATION_CONDITIONS = "DEBUG $(inherited)";
				SWIFT_OPTIMIZATION_LEVEL = "-Onone";
			};
			name = Debug;
		};
		E6BD23B62BFAF2F800B825AC /* Release */ = {
			isa = XCBuildConfiguration;
			buildSettings = {
				ALWAYS_SEARCH_USER_PATHS = NO;
				ASSETCATALOG_COMPILER_GENERATE_SWIFT_ASSET_SYMBOL_EXTENSIONS = YES;
				CLANG_ANALYZER_NONNULL = YES;
				CLANG_ANALYZER_NUMBER_OBJECT_CONVERSION = YES_AGGRESSIVE;
				CLANG_CXX_LANGUAGE_STANDARD = "gnu++20";
				CLANG_ENABLE_MODULES = YES;
				CLANG_ENABLE_OBJC_ARC = YES;
				CLANG_ENABLE_OBJC_WEAK = YES;
				CLANG_WARN_BLOCK_CAPTURE_AUTORELEASING = YES;
				CLANG_WARN_BOOL_CONVERSION = YES;
				CLANG_WARN_COMMA = YES;
				CLANG_WARN_CONSTANT_CONVERSION = YES;
				CLANG_WARN_DEPRECATED_OBJC_IMPLEMENTATIONS = YES;
				CLANG_WARN_DIRECT_OBJC_ISA_USAGE = YES_ERROR;
				CLANG_WARN_DOCUMENTATION_COMMENTS = YES;
				CLANG_WARN_EMPTY_BODY = YES;
				CLANG_WARN_ENUM_CONVERSION = YES;
				CLANG_WARN_INFINITE_RECURSION = YES;
				CLANG_WARN_INT_CONVERSION = YES;
				CLANG_WARN_NON_LITERAL_NULL_CONVERSION = YES;
				CLANG_WARN_OBJC_IMPLICIT_RETAIN_SELF = YES;
				CLANG_WARN_OBJC_LITERAL_CONVERSION = YES;
				CLANG_WARN_OBJC_ROOT_CLASS = YES_ERROR;
				CLANG_WARN_QUOTED_INCLUDE_IN_FRAMEWORK_HEADER = YES;
				CLANG_WARN_RANGE_LOOP_ANALYSIS = YES;
				CLANG_WARN_STRICT_PROTOTYPES = YES;
				CLANG_WARN_SUSPICIOUS_MOVE = YES;
				CLANG_WARN_UNGUARDED_AVAILABILITY = YES_AGGRESSIVE;
				CLANG_WARN_UNREACHABLE_CODE = YES;
				CLANG_WARN__DUPLICATE_METHOD_MATCH = YES;
				COPY_PHASE_STRIP = NO;
				DEBUG_INFORMATION_FORMAT = "dwarf-with-dsym";
				ENABLE_NS_ASSERTIONS = NO;
				ENABLE_STRICT_OBJC_MSGSEND = YES;
				ENABLE_USER_SCRIPT_SANDBOXING = YES;
				GCC_C_LANGUAGE_STANDARD = gnu17;
				GCC_NO_COMMON_BLOCKS = YES;
				GCC_WARN_64_TO_32_BIT_CONVERSION = YES;
				GCC_WARN_ABOUT_RETURN_TYPE = YES_ERROR;
				GCC_WARN_UNDECLARED_SELECTOR = YES;
				GCC_WARN_UNINITIALIZED_AUTOS = YES_AGGRESSIVE;
				GCC_WARN_UNUSED_FUNCTION = YES;
				GCC_WARN_UNUSED_VARIABLE = YES;
				IPHONEOS_DEPLOYMENT_TARGET = 17.4;
				LOCALIZATION_PREFERS_STRING_CATALOGS = YES;
				MTL_ENABLE_DEBUG_INFO = NO;
				MTL_FAST_MATH = YES;
				SDKROOT = iphoneos;
				SWIFT_COMPILATION_MODE = wholemodule;
				VALIDATE_PRODUCT = YES;
			};
			name = Release;
		};
		E6BD23B82BFAF2F800B825AC /* Debug */ = {
			isa = XCBuildConfiguration;
			buildSettings = {
				ASSETCATALOG_COMPILER_APPICON_NAME = AppIcon;
				ASSETCATALOG_COMPILER_GLOBAL_ACCENT_COLOR_NAME = AccentColor;
				CODE_SIGN_STYLE = Automatic;
				CURRENT_PROJECT_VERSION = 1;
				DEVELOPMENT_TEAM = 72M6T2AP2U;
				FRAMEWORK_SEARCH_PATHS = (
					"$(inherited)",
					"$(PROJECT_DIR)/SDKDemo",
				);
				GENERATE_INFOPLIST_FILE = YES;
				INFOPLIST_FILE = SDKDemo/Info.plist;
				INFOPLIST_KEY_NSBluetoothAlwaysUsageDescription = "need bluetooth";
				INFOPLIST_KEY_UIApplicationSupportsIndirectInputEvents = YES;
				INFOPLIST_KEY_UILaunchStoryboardName = LaunchScreen;
				INFOPLIST_KEY_UIMainStoryboardFile = Main;
				INFOPLIST_KEY_UISupportedInterfaceOrientations_iPad = "UIInterfaceOrientationPortrait UIInterfaceOrientationPortraitUpsideDown UIInterfaceOrientationLandscapeLeft UIInterfaceOrientationLandscapeRight";
				INFOPLIST_KEY_UISupportedInterfaceOrientations_iPhone = "UIInterfaceOrientationPortrait UIInterfaceOrientationLandscapeLeft UIInterfaceOrientationLandscapeRight";
				IPHONEOS_DEPLOYMENT_TARGET = 13.1;
				LD_RUNPATH_SEARCH_PATHS = (
					"$(inherited)",
					"@executable_path/Frameworks",
				);
				MARKETING_VERSION = 1.0;
				PRODUCT_BUNDLE_IDENTIFIER = com.inateck.SDKDemo;
				PRODUCT_NAME = "$(TARGET_NAME)";
				SWIFT_EMIT_LOC_STRINGS = YES;
				SWIFT_VERSION = 5.0;
				TARGETED_DEVICE_FAMILY = "1,2";
			};
			name = Debug;
		};
		E6BD23B92BFAF2F800B825AC /* Release */ = {
			isa = XCBuildConfiguration;
			buildSettings = {
				ASSETCATALOG_COMPILER_APPICON_NAME = AppIcon;
				ASSETCATALOG_COMPILER_GLOBAL_ACCENT_COLOR_NAME = AccentColor;
				CODE_SIGN_STYLE = Automatic;
				CURRENT_PROJECT_VERSION = 1;
				DEVELOPMENT_TEAM = 72M6T2AP2U;
				FRAMEWORK_SEARCH_PATHS = (
					"$(inherited)",
					"$(PROJECT_DIR)/SDKDemo",
				);
				GENERATE_INFOPLIST_FILE = YES;
				INFOPLIST_FILE = SDKDemo/Info.plist;
				INFOPLIST_KEY_NSBluetoothAlwaysUsageDescription = "need bluetooth";
				INFOPLIST_KEY_UIApplicationSupportsIndirectInputEvents = YES;
				INFOPLIST_KEY_UILaunchStoryboardName = LaunchScreen;
				INFOPLIST_KEY_UIMainStoryboardFile = Main;
				INFOPLIST_KEY_UISupportedInterfaceOrientations_iPad = "UIInterfaceOrientationPortrait UIInterfaceOrientationPortraitUpsideDown UIInterfaceOrientationLandscapeLeft UIInterfaceOrientationLandscapeRight";
				INFOPLIST_KEY_UISupportedInterfaceOrientations_iPhone = "UIInterfaceOrientationPortrait UIInterfaceOrientationLandscapeLeft UIInterfaceOrientationLandscapeRight";
				IPHONEOS_DEPLOYMENT_TARGET = 13.1;
				LD_RUNPATH_SEARCH_PATHS = (
					"$(inherited)",
					"@executable_path/Frameworks",
				);
				MARKETING_VERSION = 1.0;
				PRODUCT_BUNDLE_IDENTIFIER = com.inateck.SDKDemo;
				PRODUCT_NAME = "$(TARGET_NAME)";
				SWIFT_EMIT_LOC_STRINGS = YES;
				SWIFT_VERSION = 5.0;
				TARGETED_DEVICE_FAMILY = "1,2";
			};
			name = Release;
		};
/* End XCBuildConfiguration section */

/* Begin XCConfigurationList section */
		E6BD239E2BFAF2F600B825AC /* Build configuration list for PBXProject "SDKDemo" */ = {
			isa = XCConfigurationList;
			buildConfigurations = (
				E6BD23B52BFAF2F800B825AC /* Debug */,
				E6BD23B62BFAF2F800B825AC /* Release */,
			);
			defaultConfigurationIsVisible = 0;
			defaultConfigurationName = Release;
		};
		E6BD23B72BFAF2F800B825AC /* Build configuration list for PBXNativeTarget "SDKDemo" */ = {
			isa = XCConfigurationList;
			buildConfigurations = (
				E6BD23B82BFAF2F800B825AC /* Debug */,
				E6BD23B92BFAF2F800B825AC /* Release */,
			);
			defaultConfigurationIsVisible = 0;
			defaultConfigurationName = Release;
		};
/* End XCConfigurationList section */
	};
	rootObject = E6BD239B2BFAF2F600B825AC /* Project object */;
}
