// !$*UTF8*$!
{
	archiveVersion = 1;
	classes = {
	};
	objectVersion = 50;
	objects = {

/* Begin PBXBuildFile section */
		E61FCE0A29EF87C9002D8003 /* AppDelegate.swift in Sources */ = {isa = PBXBuildFile; fileRef = E61FCE0929EF87C9002D8003 /* AppDelegate.swift */; };
		E61FCE0C29EF87C9002D8003 /* ViewController.swift in Sources */ = {isa = PBXBuildFile; fileRef = E61FCE0B29EF87C9002D8003 /* ViewController.swift */; };
		E61FCE0F29EF87C9002D8003 /* Main.storyboard in Resources */ = {isa = PBXBuildFile; fileRef = E61FCE0D29EF87C9002D8003 /* Main.storyboard */; };
		E61FCE1129EF87CB002D8003 /* Assets.xcassets in Resources */ = {isa = PBXBuildFile; fileRef = E61FCE1029EF87CB002D8003 /* Assets.xcassets */; };
		E61FCE1429EF87CB002D8003 /* LaunchScreen.storyboard in Resources */ = {isa = PBXBuildFile; fileRef = E61FCE1229EF87CB002D8003 /* LaunchScreen.storyboard */; };
		E61FCE1F29EF87CB002D8003 /* ios_sdkTests.swift in Sources */ = {isa = PBXBuildFile; fileRef = E61FCE1E29EF87CB002D8003 /* ios_sdkTests.swift */; };
		E61FCE2A29EF87CB002D8003 /* ios_sdkUITests.swift in Sources */ = {isa = PBXBuildFile; fileRef = E61FCE2929EF87CB002D8003 /* ios_sdkUITests.swift */; };
		E61FCE4D29EF96F3002D8003 /* TestObj.m in Sources */ = {isa = PBXBuildFile; fileRef = E61FCE4C29EF96F3002D8003 /* TestObj.m */; };
		E61FCE5329EFBA5C002D8003 /* scanner.swift in Sources */ = {isa = PBXBuildFile; fileRef = E61FCE5129EFBA5C002D8003 /* scanner.swift */; };
		E681FB9929EFC1B2009BD27A /* libuniffi_scanner.a in Frameworks */ = {isa = PBXBuildFile; fileRef = E681FB9829EFC1B2009BD27A /* libuniffi_scanner.a */; };
/* End PBXBuildFile section */

/* Begin PBXContainerItemProxy section */
		E61FCE1B29EF87CB002D8003 /* PBXContainerItemProxy */ = {
			isa = PBXContainerItemProxy;
			containerPortal = E61FCDFE29EF87C9002D8003 /* Project object */;
			proxyType = 1;
			remoteGlobalIDString = E61FCE0529EF87C9002D8003;
			remoteInfo = ios_sdk;
		};
		E61FCE2629EF87CB002D8003 /* PBXContainerItemProxy */ = {
			isa = PBXContainerItemProxy;
			containerPortal = E61FCDFE29EF87C9002D8003 /* Project object */;
			proxyType = 1;
			remoteGlobalIDString = E61FCE0529EF87C9002D8003;
			remoteInfo = ios_sdk;
		};
/* End PBXContainerItemProxy section */

/* Begin PBXFileReference section */
		E61FCE0629EF87C9002D8003 /* ios_sdk.app */ = {isa = PBXFileReference; explicitFileType = wrapper.application; includeInIndex = 0; path = ios_sdk.app; sourceTree = BUILT_PRODUCTS_DIR; };
		E61FCE0929EF87C9002D8003 /* AppDelegate.swift */ = {isa = PBXFileReference; lastKnownFileType = sourcecode.swift; path = AppDelegate.swift; sourceTree = "<group>"; };
		E61FCE0B29EF87C9002D8003 /* ViewController.swift */ = {isa = PBXFileReference; lastKnownFileType = sourcecode.swift; path = ViewController.swift; sourceTree = "<group>"; };
		E61FCE0E29EF87C9002D8003 /* Base */ = {isa = PBXFileReference; lastKnownFileType = file.storyboard; name = Base; path = Base.lproj/Main.storyboard; sourceTree = "<group>"; };
		E61FCE1029EF87CB002D8003 /* Assets.xcassets */ = {isa = PBXFileReference; lastKnownFileType = folder.assetcatalog; path = Assets.xcassets; sourceTree = "<group>"; };
		E61FCE1329EF87CB002D8003 /* Base */ = {isa = PBXFileReference; lastKnownFileType = file.storyboard; name = Base; path = Base.lproj/LaunchScreen.storyboard; sourceTree = "<group>"; };
		E61FCE1529EF87CB002D8003 /* Info.plist */ = {isa = PBXFileReference; lastKnownFileType = text.plist.xml; path = Info.plist; sourceTree = "<group>"; };
		E61FCE1A29EF87CB002D8003 /* ios_sdkTests.xctest */ = {isa = PBXFileReference; explicitFileType = wrapper.cfbundle; includeInIndex = 0; path = ios_sdkTests.xctest; sourceTree = BUILT_PRODUCTS_DIR; };
		E61FCE1E29EF87CB002D8003 /* ios_sdkTests.swift */ = {isa = PBXFileReference; lastKnownFileType = sourcecode.swift; path = ios_sdkTests.swift; sourceTree = "<group>"; };
		E61FCE2029EF87CB002D8003 /* Info.plist */ = {isa = PBXFileReference; lastKnownFileType = text.plist.xml; path = Info.plist; sourceTree = "<group>"; };
		E61FCE2529EF87CB002D8003 /* ios_sdkUITests.xctest */ = {isa = PBXFileReference; explicitFileType = wrapper.cfbundle; includeInIndex = 0; path = ios_sdkUITests.xctest; sourceTree = BUILT_PRODUCTS_DIR; };
		E61FCE2929EF87CB002D8003 /* ios_sdkUITests.swift */ = {isa = PBXFileReference; lastKnownFileType = sourcecode.swift; path = ios_sdkUITests.swift; sourceTree = "<group>"; };
		E61FCE2B29EF87CB002D8003 /* Info.plist */ = {isa = PBXFileReference; lastKnownFileType = text.plist.xml; path = Info.plist; sourceTree = "<group>"; };
		E61FCE3829EF9295002D8003 /* libuniffi_scanner.a */ = {isa = PBXFileReference; lastKnownFileType = archive.ar; name = libuniffi_scanner.a; path = ../../Desktop/libuniffi_scanner.a; sourceTree = "<group>"; };
		E61FCE4A29EF96F2002D8003 /* ios_sdk-Bridging-Header.h */ = {isa = PBXFileReference; lastKnownFileType = sourcecode.c.h; path = "ios_sdk-Bridging-Header.h"; sourceTree = "<group>"; };
		E61FCE4B29EF96F3002D8003 /* TestObj.h */ = {isa = PBXFileReference; lastKnownFileType = sourcecode.c.h; path = TestObj.h; sourceTree = "<group>"; };
		E61FCE4C29EF96F3002D8003 /* TestObj.m */ = {isa = PBXFileReference; lastKnownFileType = sourcecode.c.objc; path = TestObj.m; sourceTree = "<group>"; };
		E61FCE4E29EFBA5C002D8003 /* scannerFFI.modulemap */ = {isa = PBXFileReference; fileEncoding = 4; lastKnownFileType = "sourcecode.module-map"; path = scannerFFI.modulemap; sourceTree = "<group>"; };
		E61FCE4F29EFBA5C002D8003 /* scannerFFI.h */ = {isa = PBXFileReference; fileEncoding = 4; lastKnownFileType = sourcecode.c.h; path = scannerFFI.h; sourceTree = "<group>"; };
		E61FCE5129EFBA5C002D8003 /* scanner.swift */ = {isa = PBXFileReference; fileEncoding = 4; lastKnownFileType = sourcecode.swift; path = scanner.swift; sourceTree = "<group>"; };
		E681FB9829EFC1B2009BD27A /* libuniffi_scanner.a */ = {isa = PBXFileReference; lastKnownFileType = archive.ar; path = libuniffi_scanner.a; sourceTree = "<group>"; };
/* End PBXFileReference section */

/* Begin PBXFrameworksBuildPhase section */
		E61FCE0329EF87C9002D8003 /* Frameworks */ = {
			isa = PBXFrameworksBuildPhase;
			buildActionMask = 2147483647;
			files = (
				E681FB9929EFC1B2009BD27A /* libuniffi_scanner.a in Frameworks */,
			);
			runOnlyForDeploymentPostprocessing = 0;
		};
		E61FCE1729EF87CB002D8003 /* Frameworks */ = {
			isa = PBXFrameworksBuildPhase;
			buildActionMask = 2147483647;
			files = (
			);
			runOnlyForDeploymentPostprocessing = 0;
		};
		E61FCE2229EF87CB002D8003 /* Frameworks */ = {
			isa = PBXFrameworksBuildPhase;
			buildActionMask = 2147483647;
			files = (
			);
			runOnlyForDeploymentPostprocessing = 0;
		};
/* End PBXFrameworksBuildPhase section */

/* Begin PBXGroup section */
		E61FCDFD29EF87C9002D8003 = {
			isa = PBXGroup;
			children = (
				E61FCE0829EF87C9002D8003 /* ios_sdk */,
				E61FCE1D29EF87CB002D8003 /* ios_sdkTests */,
				E61FCE2829EF87CB002D8003 /* ios_sdkUITests */,
				E61FCE0729EF87C9002D8003 /* Products */,
				E61FCE3729EF9295002D8003 /* Frameworks */,
			);
			sourceTree = "<group>";
		};
		E61FCE0729EF87C9002D8003 /* Products */ = {
			isa = PBXGroup;
			children = (
				E61FCE0629EF87C9002D8003 /* ios_sdk.app */,
				E61FCE1A29EF87CB002D8003 /* ios_sdkTests.xctest */,
				E61FCE2529EF87CB002D8003 /* ios_sdkUITests.xctest */,
			);
			name = Products;
			sourceTree = "<group>";
		};
		E61FCE0829EF87C9002D8003 /* ios_sdk */ = {
			isa = PBXGroup;
			children = (
				E61FCE4329EF951D002D8003 /* lib */,
				E61FCE0929EF87C9002D8003 /* AppDelegate.swift */,
				E61FCE0B29EF87C9002D8003 /* ViewController.swift */,
				E61FCE4B29EF96F3002D8003 /* TestObj.h */,
				E61FCE4C29EF96F3002D8003 /* TestObj.m */,
				E61FCE0D29EF87C9002D8003 /* Main.storyboard */,
				E61FCE1029EF87CB002D8003 /* Assets.xcassets */,
				E61FCE1229EF87CB002D8003 /* LaunchScreen.storyboard */,
				E61FCE1529EF87CB002D8003 /* Info.plist */,
				E61FCE4A29EF96F2002D8003 /* ios_sdk-Bridging-Header.h */,
			);
			path = ios_sdk;
			sourceTree = "<group>";
		};
		E61FCE1D29EF87CB002D8003 /* ios_sdkTests */ = {
			isa = PBXGroup;
			children = (
				E61FCE1E29EF87CB002D8003 /* ios_sdkTests.swift */,
				E61FCE2029EF87CB002D8003 /* Info.plist */,
			);
			path = ios_sdkTests;
			sourceTree = "<group>";
		};
		E61FCE2829EF87CB002D8003 /* ios_sdkUITests */ = {
			isa = PBXGroup;
			children = (
				E61FCE2929EF87CB002D8003 /* ios_sdkUITests.swift */,
				E61FCE2B29EF87CB002D8003 /* Info.plist */,
			);
			path = ios_sdkUITests;
			sourceTree = "<group>";
		};
		E61FCE3729EF9295002D8003 /* Frameworks */ = {
			isa = PBXGroup;
			children = (
				E61FCE3829EF9295002D8003 /* libuniffi_scanner.a */,
			);
			name = Frameworks;
			sourceTree = "<group>";
		};
		E61FCE4329EF951D002D8003 /* lib */ = {
			isa = PBXGroup;
			children = (
				E681FB9829EFC1B2009BD27A /* libuniffi_scanner.a */,
				E61FCE5129EFBA5C002D8003 /* scanner.swift */,
				E61FCE4F29EFBA5C002D8003 /* scannerFFI.h */,
				E61FCE4E29EFBA5C002D8003 /* scannerFFI.modulemap */,
			);
			path = lib;
			sourceTree = "<group>";
		};
/* End PBXGroup section */

/* Begin PBXNativeTarget section */
		E61FCE0529EF87C9002D8003 /* ios_sdk */ = {
			isa = PBXNativeTarget;
			buildConfigurationList = E61FCE2E29EF87CB002D8003 /* Build configuration list for PBXNativeTarget "ios_sdk" */;
			buildPhases = (
				E61FCE0229EF87C9002D8003 /* Sources */,
				E61FCE0329EF87C9002D8003 /* Frameworks */,
				E61FCE0429EF87C9002D8003 /* Resources */,
			);
			buildRules = (
			);
			dependencies = (
			);
			name = ios_sdk;
			productName = ios_sdk;
			productReference = E61FCE0629EF87C9002D8003 /* ios_sdk.app */;
			productType = "com.apple.product-type.application";
		};
		E61FCE1929EF87CB002D8003 /* ios_sdkTests */ = {
			isa = PBXNativeTarget;
			buildConfigurationList = E61FCE3129EF87CB002D8003 /* Build configuration list for PBXNativeTarget "ios_sdkTests" */;
			buildPhases = (
				E61FCE1629EF87CB002D8003 /* Sources */,
				E61FCE1729EF87CB002D8003 /* Frameworks */,
				E61FCE1829EF87CB002D8003 /* Resources */,
			);
			buildRules = (
			);
			dependencies = (
				E61FCE1C29EF87CB002D8003 /* PBXTargetDependency */,
			);
			name = ios_sdkTests;
			productName = ios_sdkTests;
			productReference = E61FCE1A29EF87CB002D8003 /* ios_sdkTests.xctest */;
			productType = "com.apple.product-type.bundle.unit-test";
		};
		E61FCE2429EF87CB002D8003 /* ios_sdkUITests */ = {
			isa = PBXNativeTarget;
			buildConfigurationList = E61FCE3429EF87CB002D8003 /* Build configuration list for PBXNativeTarget "ios_sdkUITests" */;
			buildPhases = (
				E61FCE2129EF87CB002D8003 /* Sources */,
				E61FCE2229EF87CB002D8003 /* Frameworks */,
				E61FCE2329EF87CB002D8003 /* Resources */,
			);
			buildRules = (
			);
			dependencies = (
				E61FCE2729EF87CB002D8003 /* PBXTargetDependency */,
			);
			name = ios_sdkUITests;
			productName = ios_sdkUITests;
			productReference = E61FCE2529EF87CB002D8003 /* ios_sdkUITests.xctest */;
			productType = "com.apple.product-type.bundle.ui-testing";
		};
/* End PBXNativeTarget section */

/* Begin PBXProject section */
		E61FCDFE29EF87C9002D8003 /* Project object */ = {
			isa = PBXProject;
			attributes = {
				LastSwiftUpdateCheck = 1020;
				LastUpgradeCheck = 1020;
				ORGANIZATIONNAME = inateck;
				TargetAttributes = {
					E61FCE0529EF87C9002D8003 = {
						CreatedOnToolsVersion = 10.2.1;
						LastSwiftMigration = 1020;
					};
					E61FCE1929EF87CB002D8003 = {
						CreatedOnToolsVersion = 10.2.1;
						TestTargetID = E61FCE0529EF87C9002D8003;
					};
					E61FCE2429EF87CB002D8003 = {
						CreatedOnToolsVersion = 10.2.1;
						TestTargetID = E61FCE0529EF87C9002D8003;
					};
				};
			};
			buildConfigurationList = E61FCE0129EF87C9002D8003 /* Build configuration list for PBXProject "ios_sdk" */;
			compatibilityVersion = "Xcode 9.3";
			developmentRegion = en;
			hasScannedForEncodings = 0;
			knownRegions = (
				en,
				Base,
			);
			mainGroup = E61FCDFD29EF87C9002D8003;
			productRefGroup = E61FCE0729EF87C9002D8003 /* Products */;
			projectDirPath = "";
			projectRoot = "";
			targets = (
				E61FCE0529EF87C9002D8003 /* ios_sdk */,
				E61FCE1929EF87CB002D8003 /* ios_sdkTests */,
				E61FCE2429EF87CB002D8003 /* ios_sdkUITests */,
			);
		};
/* End PBXProject section */

/* Begin PBXResourcesBuildPhase section */
		E61FCE0429EF87C9002D8003 /* Resources */ = {
			isa = PBXResourcesBuildPhase;
			buildActionMask = 2147483647;
			files = (
				E61FCE1429EF87CB002D8003 /* LaunchScreen.storyboard in Resources */,
				E61FCE1129EF87CB002D8003 /* Assets.xcassets in Resources */,
				E61FCE0F29EF87C9002D8003 /* Main.storyboard in Resources */,
			);
			runOnlyForDeploymentPostprocessing = 0;
		};
		E61FCE1829EF87CB002D8003 /* Resources */ = {
			isa = PBXResourcesBuildPhase;
			buildActionMask = 2147483647;
			files = (
			);
			runOnlyForDeploymentPostprocessing = 0;
		};
		E61FCE2329EF87CB002D8003 /* Resources */ = {
			isa = PBXResourcesBuildPhase;
			buildActionMask = 2147483647;
			files = (
			);
			runOnlyForDeploymentPostprocessing = 0;
		};
/* End PBXResourcesBuildPhase section */

/* Begin PBXSourcesBuildPhase section */
		E61FCE0229EF87C9002D8003 /* Sources */ = {
			isa = PBXSourcesBuildPhase;
			buildActionMask = 2147483647;
			files = (
				E61FCE0C29EF87C9002D8003 /* ViewController.swift in Sources */,
				E61FCE0A29EF87C9002D8003 /* AppDelegate.swift in Sources */,
				E61FCE5329EFBA5C002D8003 /* scanner.swift in Sources */,
				E61FCE4D29EF96F3002D8003 /* TestObj.m in Sources */,
			);
			runOnlyForDeploymentPostprocessing = 0;
		};
		E61FCE1629EF87CB002D8003 /* Sources */ = {
			isa = PBXSourcesBuildPhase;
			buildActionMask = 2147483647;
			files = (
				E61FCE1F29EF87CB002D8003 /* ios_sdkTests.swift in Sources */,
			);
			runOnlyForDeploymentPostprocessing = 0;
		};
		E61FCE2129EF87CB002D8003 /* Sources */ = {
			isa = PBXSourcesBuildPhase;
			buildActionMask = 2147483647;
			files = (
				E61FCE2A29EF87CB002D8003 /* ios_sdkUITests.swift in Sources */,
			);
			runOnlyForDeploymentPostprocessing = 0;
		};
/* End PBXSourcesBuildPhase section */

/* Begin PBXTargetDependency section */
		E61FCE1C29EF87CB002D8003 /* PBXTargetDependency */ = {
			isa = PBXTargetDependency;
			target = E61FCE0529EF87C9002D8003 /* ios_sdk */;
			targetProxy = E61FCE1B29EF87CB002D8003 /* PBXContainerItemProxy */;
		};
		E61FCE2729EF87CB002D8003 /* PBXTargetDependency */ = {
			isa = PBXTargetDependency;
			target = E61FCE0529EF87C9002D8003 /* ios_sdk */;
			targetProxy = E61FCE2629EF87CB002D8003 /* PBXContainerItemProxy */;
		};
/* End PBXTargetDependency section */

/* Begin PBXVariantGroup section */
		E61FCE0D29EF87C9002D8003 /* Main.storyboard */ = {
			isa = PBXVariantGroup;
			children = (
				E61FCE0E29EF87C9002D8003 /* Base */,
			);
			name = Main.storyboard;
			sourceTree = "<group>";
		};
		E61FCE1229EF87CB002D8003 /* LaunchScreen.storyboard */ = {
			isa = PBXVariantGroup;
			children = (
				E61FCE1329EF87CB002D8003 /* Base */,
			);
			name = LaunchScreen.storyboard;
			sourceTree = "<group>";
		};
/* End PBXVariantGroup section */

/* Begin XCBuildConfiguration section */
		E61FCE2C29EF87CB002D8003 /* Debug */ = {
			isa = XCBuildConfiguration;
			buildSettings = {
				ALWAYS_SEARCH_USER_PATHS = NO;
				CLANG_ANALYZER_NONNULL = YES;
				CLANG_ANALYZER_NUMBER_OBJECT_CONVERSION = YES_AGGRESSIVE;
				CLANG_CXX_LANGUAGE_STANDARD = "gnu++14";
				CLANG_CXX_LIBRARY = "libc++";
				CLANG_ENABLE_MODULES = YES;
				CLANG_ENABLE_OBJC_ARC = YES;
				CLANG_ENABLE_OBJC_WEAK = YES;
				CLANG_WARN_BLOCK_CAPTURE_AUTORELEASING = YES;
				CLANG_WARN_BOOL_CONVERSION = YES;
				CLANG_WARN_COMMA = YES;
				CLANG_WARN_CONSTANT_CONVERSION = YES;
				CLANG_WARN_DEPRECATED_OBJC_IMPLEMENTATIONS = YES;
				CLANG_WARN_DIRECT_OBJC_ISA_USAGE = YES_ERROR;
				CLANG_WARN_DOCUMENTATION_COMMENTS = YES;
				CLANG_WARN_EMPTY_BODY = YES;
				CLANG_WARN_ENUM_CONVERSION = YES;
				CLANG_WARN_INFINITE_RECURSION = YES;
				CLANG_WARN_INT_CONVERSION = YES;
				CLANG_WARN_NON_LITERAL_NULL_CONVERSION = YES;
				CLANG_WARN_OBJC_IMPLICIT_RETAIN_SELF = YES;
				CLANG_WARN_OBJC_LITERAL_CONVERSION = YES;
				CLANG_WARN_OBJC_ROOT_CLASS = YES_ERROR;
				CLANG_WARN_RANGE_LOOP_ANALYSIS = YES;
				CLANG_WARN_STRICT_PROTOTYPES = YES;
				CLANG_WARN_SUSPICIOUS_MOVE = YES;
				CLANG_WARN_UNGUARDED_AVAILABILITY = YES_AGGRESSIVE;
				CLANG_WARN_UNREACHABLE_CODE = YES;
				CLANG_WARN__DUPLICATE_METHOD_MATCH = YES;
				CODE_SIGN_IDENTITY = "iPhone Developer";
				COPY_PHASE_STRIP = NO;
				DEBUG_INFORMATION_FORMAT = dwarf;
				ENABLE_STRICT_OBJC_MSGSEND = YES;
				ENABLE_TESTABILITY = YES;
				GCC_C_LANGUAGE_STANDARD = gnu11;
				GCC_DYNAMIC_NO_PIC = NO;
				GCC_NO_COMMON_BLOCKS = YES;
				GCC_OPTIMIZATION_LEVEL = 0;
				GCC_PREPROCESSOR_DEFINITIONS = (
					"DEBUG=1",
					"$(inherited)",
				);
				GCC_WARN_64_TO_32_BIT_CONVERSION = YES;
				GCC_WARN_ABOUT_RETURN_TYPE = YES_ERROR;
				GCC_WARN_UNDECLARED_SELECTOR = YES;
				GCC_WARN_UNINITIALIZED_AUTOS = YES_AGGRESSIVE;
				GCC_WARN_UNUSED_FUNCTION = YES;
				GCC_WARN_UNUSED_VARIABLE = YES;
				IPHONEOS_DEPLOYMENT_TARGET = 12.2;
				MTL_ENABLE_DEBUG_INFO = INCLUDE_SOURCE;
				MTL_FAST_MATH = YES;
				ONLY_ACTIVE_ARCH = YES;
				SDKROOT = iphoneos;
				SWIFT_ACTIVE_COMPILATION_CONDITIONS = DEBUG;
				SWIFT_OPTIMIZATION_LEVEL = "-Onone";
			};
			name = Debug;
		};
		E61FCE2D29EF87CB002D8003 /* Release */ = {
			isa = XCBuildConfiguration;
			buildSettings = {
				ALWAYS_SEARCH_USER_PATHS = NO;
				CLANG_ANALYZER_NONNULL = YES;
				CLANG_ANALYZER_NUMBER_OBJECT_CONVERSION = YES_AGGRESSIVE;
				CLANG_CXX_LANGUAGE_STANDARD = "gnu++14";
				CLANG_CXX_LIBRARY = "libc++";
				CLANG_ENABLE_MODULES = YES;
				CLANG_ENABLE_OBJC_ARC = YES;
				CLANG_ENABLE_OBJC_WEAK = YES;
				CLANG_WARN_BLOCK_CAPTURE_AUTORELEASING = YES;
				CLANG_WARN_BOOL_CONVERSION = YES;
				CLANG_WARN_COMMA = YES;
				CLANG_WARN_CONSTANT_CONVERSION = YES;
				CLANG_WARN_DEPRECATED_OBJC_IMPLEMENTATIONS = YES;
				CLANG_WARN_DIRECT_OBJC_ISA_USAGE = YES_ERROR;
				CLANG_WARN_DOCUMENTATION_COMMENTS = YES;
				CLANG_WARN_EMPTY_BODY = YES;
				CLANG_WARN_ENUM_CONVERSION = YES;
				CLANG_WARN_INFINITE_RECURSION = YES;
				CLANG_WARN_INT_CONVERSION = YES;
				CLANG_WARN_NON_LITERAL_NULL_CONVERSION = YES;
				CLANG_WARN_OBJC_IMPLICIT_RETAIN_SELF = YES;
				CLANG_WARN_OBJC_LITERAL_CONVERSION = YES;
				CLANG_WARN_OBJC_ROOT_CLASS = YES_ERROR;
				CLANG_WARN_RANGE_LOOP_ANALYSIS = YES;
				CLANG_WARN_STRICT_PROTOTYPES = YES;
				CLANG_WARN_SUSPICIOUS_MOVE = YES;
				CLANG_WARN_UNGUARDED_AVAILABILITY = YES_AGGRESSIVE;
				CLANG_WARN_UNREACHABLE_CODE = YES;
				CLANG_WARN__DUPLICATE_METHOD_MATCH = YES;
				CODE_SIGN_IDENTITY = "iPhone Developer";
				COPY_PHASE_STRIP = NO;
				DEBUG_INFORMATION_FORMAT = "dwarf-with-dsym";
				ENABLE_NS_ASSERTIONS = NO;
				ENABLE_STRICT_OBJC_MSGSEND = YES;
				GCC_C_LANGUAGE_STANDARD = gnu11;
				GCC_NO_COMMON_BLOCKS = YES;
				GCC_WARN_64_TO_32_BIT_CONVERSION = YES;
				GCC_WARN_ABOUT_RETURN_TYPE = YES_ERROR;
				GCC_WARN_UNDECLARED_SELECTOR = YES;
				GCC_WARN_UNINITIALIZED_AUTOS = YES_AGGRESSIVE;
				GCC_WARN_UNUSED_FUNCTION = YES;
				GCC_WARN_UNUSED_VARIABLE = YES;
				IPHONEOS_DEPLOYMENT_TARGET = 12.2;
				MTL_ENABLE_DEBUG_INFO = NO;
				MTL_FAST_MATH = YES;
				SDKROOT = iphoneos;
				SWIFT_COMPILATION_MODE = wholemodule;
				SWIFT_OPTIMIZATION_LEVEL = "-O";
				VALIDATE_PRODUCT = YES;
			};
			name = Release;
		};
		E61FCE2F29EF87CB002D8003 /* Debug */ = {
			isa = XCBuildConfiguration;
			buildSettings = {
				ASSETCATALOG_COMPILER_APPICON_NAME = AppIcon;
				CLANG_ENABLE_MODULES = YES;
				CODE_SIGN_STYLE = Automatic;
				DEVELOPMENT_TEAM = 2AM3Q59C3R;
				INFOPLIST_FILE = ios_sdk/Info.plist;
				LD_RUNPATH_SEARCH_PATHS = (
					"$(inherited)",
					"@executable_path/Frameworks",
				);
				LIBRARY_SEARCH_PATHS = (
					"$(inherited)",
					"$(PROJECT_DIR)/ios_sdk/lib",
				);
				PRODUCT_BUNDLE_IDENTIFIER = fgh.dgd.gdfgd;
				PRODUCT_NAME = "$(TARGET_NAME)";
				SWIFT_OBJC_BRIDGING_HEADER = "ios_sdk/ios_sdk-Bridging-Header.h";
				SWIFT_OPTIMIZATION_LEVEL = "-Onone";
				SWIFT_VERSION = 5.0;
				TARGETED_DEVICE_FAMILY = "1,2";
			};
			name = Debug;
		};
		E61FCE3029EF87CB002D8003 /* Release */ = {
			isa = XCBuildConfiguration;
			buildSettings = {
				ASSETCATALOG_COMPILER_APPICON_NAME = AppIcon;
				CLANG_ENABLE_MODULES = YES;
				CODE_SIGN_STYLE = Automatic;
				DEVELOPMENT_TEAM = 2AM3Q59C3R;
				INFOPLIST_FILE = ios_sdk/Info.plist;
				LD_RUNPATH_SEARCH_PATHS = (
					"$(inherited)",
					"@executable_path/Frameworks",
				);
				LIBRARY_SEARCH_PATHS = (
					"$(inherited)",
					"$(PROJECT_DIR)/ios_sdk/lib",
				);
				PRODUCT_BUNDLE_IDENTIFIER = fgh.dgd.gdfgd;
				PRODUCT_NAME = "$(TARGET_NAME)";
				SWIFT_OBJC_BRIDGING_HEADER = "ios_sdk/ios_sdk-Bridging-Header.h";
				SWIFT_VERSION = 5.0;
				TARGETED_DEVICE_FAMILY = "1,2";
			};
			name = Release;
		};
		E61FCE3229EF87CB002D8003 /* Debug */ = {
			isa = XCBuildConfiguration;
			buildSettings = {
				ALWAYS_EMBED_SWIFT_STANDARD_LIBRARIES = YES;
				BUNDLE_LOADER = "$(TEST_HOST)";
				CODE_SIGN_STYLE = Automatic;
				INFOPLIST_FILE = ios_sdkTests/Info.plist;
				LD_RUNPATH_SEARCH_PATHS = (
					"$(inherited)",
					"@executable_path/Frameworks",
					"@loader_path/Frameworks",
				);
				PRODUCT_BUNDLE_IDENTIFIER = "sdk.ios-sdkTests";
				PRODUCT_NAME = "$(TARGET_NAME)";
				SWIFT_VERSION = 5.0;
				TARGETED_DEVICE_FAMILY = "1,2";
				TEST_HOST = "$(BUILT_PRODUCTS_DIR)/ios_sdk.app/ios_sdk";
			};
			name = Debug;
		};
		E61FCE3329EF87CB002D8003 /* Release */ = {
			isa = XCBuildConfiguration;
			buildSettings = {
				ALWAYS_EMBED_SWIFT_STANDARD_LIBRARIES = YES;
				BUNDLE_LOADER = "$(TEST_HOST)";
				CODE_SIGN_STYLE = Automatic;
				INFOPLIST_FILE = ios_sdkTests/Info.plist;
				LD_RUNPATH_SEARCH_PATHS = (
					"$(inherited)",
					"@executable_path/Frameworks",
					"@loader_path/Frameworks",
				);
				PRODUCT_BUNDLE_IDENTIFIER = "sdk.ios-sdkTests";
				PRODUCT_NAME = "$(TARGET_NAME)";
				SWIFT_VERSION = 5.0;
				TARGETED_DEVICE_FAMILY = "1,2";
				TEST_HOST = "$(BUILT_PRODUCTS_DIR)/ios_sdk.app/ios_sdk";
			};
			name = Release;
		};
		E61FCE3529EF87CB002D8003 /* Debug */ = {
			isa = XCBuildConfiguration;
			buildSettings = {
				ALWAYS_EMBED_SWIFT_STANDARD_LIBRARIES = YES;
				CODE_SIGN_STYLE = Automatic;
				INFOPLIST_FILE = ios_sdkUITests/Info.plist;
				LD_RUNPATH_SEARCH_PATHS = (
					"$(inherited)",
					"@executable_path/Frameworks",
					"@loader_path/Frameworks",
				);
				PRODUCT_BUNDLE_IDENTIFIER = "sdk.ios-sdkUITests";
				PRODUCT_NAME = "$(TARGET_NAME)";
				SWIFT_VERSION = 5.0;
				TARGETED_DEVICE_FAMILY = "1,2";
				TEST_TARGET_NAME = ios_sdk;
			};
			name = Debug;
		};
		E61FCE3629EF87CB002D8003 /* Release */ = {
			isa = XCBuildConfiguration;
			buildSettings = {
				ALWAYS_EMBED_SWIFT_STANDARD_LIBRARIES = YES;
				CODE_SIGN_STYLE = Automatic;
				INFOPLIST_FILE = ios_sdkUITests/Info.plist;
				LD_RUNPATH_SEARCH_PATHS = (
					"$(inherited)",
					"@executable_path/Frameworks",
					"@loader_path/Frameworks",
				);
				PRODUCT_BUNDLE_IDENTIFIER = "sdk.ios-sdkUITests";
				PRODUCT_NAME = "$(TARGET_NAME)";
				SWIFT_VERSION = 5.0;
				TARGETED_DEVICE_FAMILY = "1,2";
				TEST_TARGET_NAME = ios_sdk;
			};
			name = Release;
		};
/* End XCBuildConfiguration section */

/* Begin XCConfigurationList section */
		E61FCE0129EF87C9002D8003 /* Build configuration list for PBXProject "ios_sdk" */ = {
			isa = XCConfigurationList;
			buildConfigurations = (
				E61FCE2C29EF87CB002D8003 /* Debug */,
				E61FCE2D29EF87CB002D8003 /* Release */,
			);
			defaultConfigurationIsVisible = 0;
			defaultConfigurationName = Release;
		};
		E61FCE2E29EF87CB002D8003 /* Build configuration list for PBXNativeTarget "ios_sdk" */ = {
			isa = XCConfigurationList;
			buildConfigurations = (
				E61FCE2F29EF87CB002D8003 /* Debug */,
				E61FCE3029EF87CB002D8003 /* Release */,
			);
			defaultConfigurationIsVisible = 0;
			defaultConfigurationName = Release;
		};
		E61FCE3129EF87CB002D8003 /* Build configuration list for PBXNativeTarget "ios_sdkTests" */ = {
			isa = XCConfigurationList;
			buildConfigurations = (
				E61FCE3229EF87CB002D8003 /* Debug */,
				E61FCE3329EF87CB002D8003 /* Release */,
			);
			defaultConfigurationIsVisible = 0;
			defaultConfigurationName = Release;
		};
		E61FCE3429EF87CB002D8003 /* Build configuration list for PBXNativeTarget "ios_sdkUITests" */ = {
			isa = XCConfigurationList;
			buildConfigurations = (
				E61FCE3529EF87CB002D8003 /* Debug */,
				E61FCE3629EF87CB002D8003 /* Release */,
			);
			defaultConfigurationIsVisible = 0;
			defaultConfigurationName = Release;
		};
/* End XCConfigurationList section */
	};
	rootObject = E61FCDFE29EF87C9002D8003 /* Project object */;
}
